
Microsoft Visual Studio Solution File, Format Version 12.00
# Visual Studio Version 17
VisualStudioVersion = 17.7.34031.279
MinimumVisualStudioVersion = 10.0.40219.1
Project("{8BC9CEB8-8B4A-11D0-8D11-00A0C91BC942}") = "测试", "测试\测试.vcxproj", "{9D725720-F50E-44AA-8780-2F258AFDAA65}"
EndProject
Global
	GlobalSection(SolutionConfigurationPlatforms) = preSolution
		Debug|x64 = Debug|x64
		Debug|x86 = Debug|x86
		Release|x64 = Release|x64
		Release|x86 = Release|x86
	EndGlobalSection
	GlobalSection(ProjectConfigurationPlatforms) = postSolution
		{9D725720-F50E-44AA-8780-2F258AFDAA65}.Debug|x64.ActiveCfg = Debug|x64
		{9D725720-F50E-44AA-8780-2F258AFDAA65}.Debug|x64.Build.0 = Debug|x64
		{9D725720-F50E-44AA-8780-2F258AFDAA65}.Debug|x86.ActiveCfg = Debug|Win32
		{9D725720-F50E-44AA-8780-2F258AFDAA65}.Debug|x86.Build.0 = Debug|Win32
		{9D725720-F50E-44AA-8780-2F258AFDAA65}.Release|x64.ActiveCfg = Release|x64
		{9D725720-F50E-44AA-8780-2F258AFDAA65}.Release|x64.Build.0 = Release|x64
		{9D725720-F50E-44AA-8780-2F258AFDAA65}.Release|x86.ActiveCfg = Release|Win32
		{9D725720-F50E-44AA-8780-2F258AFDAA65}.Release|x86.Build.0 = Release|Win32
	EndGlobalSection
	GlobalSection(SolutionProperties) = preSolution
		HideSolutionNode = FALSE
	EndGlobalSection
	GlobalSection(ExtensibilityGlobals) = postSolution
		SolutionGuid = {B291B52A-1B57-4543-80E4-393642A0DD7E}
	EndGlobalSection
EndGlobal
